<?xml version="1.0" encoding="utf-8"?>
<Project ToolsVersion="4.0" xmlns="http://schemas.microsoft.com/developer/msbuild/2003">
  <ItemGroup>
    <Filter Include="源文件">
      <UniqueIdentifier>{4FC737F1-C7A5-4376-A066-2A32D752A2FF}</UniqueIdentifier>
      <Extensions>cpp;c;cc;cxx;def;odl;idl;hpj;bat;asm;asmx</Extensions>
    </Filter>
    <Filter Include="头文件">
      <UniqueIdentifier>{93995380-89BD-4b04-88EB-625FBE52EBFB}</UniqueIdentifier>
      <Extensions>h;hh;hpp;hxx;hm;inl;inc;ipp;xsd</Extensions>
    </Filter>
    <Filter Include="资源文件">
      <UniqueIdentifier>{67DA6AB6-F800-4c08-8B7A-83BB121AAD01}</UniqueIdentifier>
      <Extensions>rc;ico;cur;bmp;dlg;rc2;rct;bin;rgs;gif;jpg;jpeg;jpe;resx;tiff;tif;png;wav;mfcribbon-ms</Extensions>
    </Filter>
    <Filter Include="Game">
      <UniqueIdentifier>{f1993c1c-be1a-4918-a9a1-c1a228489cd2}</UniqueIdentifier>
    </Filter>
    <Filter Include="Memory">
      <UniqueIdentifier>{3c3fbf1b-ffda-4329-ab52-03579439c346}</UniqueIdentifier>
    </Filter>
    <Filter Include="游戏管理">
      <UniqueIdentifier>{07b62bad-8dbe-4538-81e5-a13de6db04df}</UniqueIdentifier>
    </Filter>
  </ItemGroup>
  <ItemGroup>
    <ClCompile Include="MFCLibrary7.cpp">
      <Filter>源文件</Filter>
    </ClCompile>
    <ClCompile Include="pch.cpp">
      <Filter>源文件</Filter>
    </ClCompile>
    <ClCompile Include="MainDlg.cpp">
      <Filter>源文件</Filter>
    </ClCompile>
    <ClCompile Include="GameManager.cpp">
      <Filter>游戏管理</Filter>
    </ClCompile>
    <ClCompile Include="GameCall.cpp">
      <Filter>Game</Filter>
    </ClCompile>
  </ItemGroup>
  <ItemGroup>
    <None Include="MFCLibrary7.def">
      <Filter>源文件</Filter>
    </None>
    <None Include="res\MFCLibrary7.rc2">
      <Filter>资源文件</Filter>
    </None>
  </ItemGroup>
  <ItemGroup>
    <ClInclude Include="framework.h">
      <Filter>头文件</Filter>
    </ClInclude>
    <ClInclude Include="targetver.h">
      <Filter>头文件</Filter>
    </ClInclude>
    <ClInclude Include="Resource.h">
      <Filter>头文件</Filter>
    </ClInclude>
    <ClInclude Include="MFCLibrary7.h">
      <Filter>头文件</Filter>
    </ClInclude>
    <ClInclude Include="pch.h">
      <Filter>头文件</Filter>
    </ClInclude>
    <ClInclude Include="MainDlg.h">
      <Filter>头文件</Filter>
    </ClInclude>
    <ClInclude Include="GameCall.h">
      <Filter>Game</Filter>
    </ClInclude>
    <ClInclude Include="GameBaseAddress.h">
      <Filter>Game</Filter>
    </ClInclude>
    <ClInclude Include="utils.h">
      <Filter>Memory</Filter>
    </ClInclude>
    <ClInclude Include="GameManager.h">
      <Filter>游戏管理</Filter>
    </ClInclude>
  </ItemGroup>
  <ItemGroup>
    <ResourceCompile Include="MFCLibrary7.rc">
      <Filter>资源文件</Filter>
    </ResourceCompile>
  </ItemGroup>
</Project>